
Microsoft Visual Studio Solution File, Format Version 12.00
# Visual Studio Version 17
VisualStudioVersion = 17.8.34309.116
MinimumVisualStudioVersion = 10.0.40219.1
Project("{F2A71F9B-5D33-465A-A702-920D77279786}") = "SongWebApi", "SongWebApi.fsproj", "{CEC806AB-4B17-48C8-B6F0-8EF2891714C2}"
EndProject
Global
	GlobalSection(SolutionConfigurationPlatforms) = preSolution
		Debug|Any CPU = Debug|Any CPU
		Release|Any CPU = Release|Any CPU
	EndGlobalSection
	GlobalSection(ProjectConfigurationPlatforms) = postSolution
		{CEC806AB-4B17-48C8-B6F0-8EF2891714C2}.Debug|Any CPU.ActiveCfg = Debug|Any CPU
		{CEC806AB-4B17-48C8-B6F0-8EF2891714C2}.Debug|Any CPU.Build.0 = Debug|Any CPU
		{CEC806AB-4B17-48C8-B6F0-8EF2891714C2}.Release|Any CPU.ActiveCfg = Release|Any CPU
		{CEC806AB-4B17-48C8-B6F0-8EF2891714C2}.Release|Any CPU.Build.0 = Release|Any CPU
	EndGlobalSection
	GlobalSection(SolutionProperties) = preSolution
		HideSolutionNode = FALSE
	EndGlobalSection
	GlobalSection(ExtensibilityGlobals) = postSolution
		SolutionGuid = {DF0378E4-E6A7-438C-A73D-E3BCA1AA74B6}
	EndGlobalSection
EndGlobal
